
Microsoft Visual Studio Solution File, Format Version 12.00
# Visual Studio Version 16
VisualStudioVersion = 16.0.29613.14
MinimumVisualStudioVersion = 10.0.40219.1
Project("{9A19103F-16F7-4668-BE54-9A1E7A4F7556}") = "Payment", "Payment.csproj", "{9712F7ED-5D36-4FB9-A327-0C19D71D71E7}"
EndProject
Global
	GlobalSection(SolutionConfigurationPlatforms) = preSolution
		Debug|Any CPU = Debug|Any CPU
		Release|Any CPU = Release|Any CPU
	EndGlobalSection
	GlobalSection(ProjectConfigurationPlatforms) = postSolution
		{9712F7ED-5D36-4FB9-A327-0C19D71D71E7}.Debug|Any CPU.ActiveCfg = Debug|Any CPU
		{9712F7ED-5D36-4FB9-A327-0C19D71D71E7}.Debug|Any CPU.Build.0 = Debug|Any CPU
		{9712F7ED-5D36-4FB9-A327-0C19D71D71E7}.Release|Any CPU.ActiveCfg = Release|Any CPU
		{9712F7ED-5D36-4FB9-A327-0C19D71D71E7}.Release|Any CPU.Build.0 = Release|Any CPU
	EndGlobalSection
	GlobalSection(SolutionProperties) = preSolution
		HideSolutionNode = FALSE
	EndGlobalSection
	GlobalSection(ExtensibilityGlobals) = postSolution
		SolutionGuid = {37692167-D5C6-46F7-A6A2-F3EC4C047CAE}
	EndGlobalSection
EndGlobal
